
Microsoft Visual Studio Solution File, Format Version 12.00
# Visual Studio Version 16
VisualStudioVersion = 16.0.31729.503
MinimumVisualStudioVersion = 10.0.40219.1
Project("{FAE04EC0-301F-11D3-BF4B-00C04F79EFBC}") = "KebabCaseConvrter", "KebabCaseConvrter\KebabCaseConvrter.csproj", "{D9C8AF26-A00B-4E53-B487-B2700DAE3AB8}"
EndProject
Global
	GlobalSection(SolutionConfigurationPlatforms) = preSolution
		Debug|Any CPU = Debug|Any CPU
		Release|Any CPU = Release|Any CPU
	EndGlobalSection
	GlobalSection(ProjectConfigurationPlatforms) = postSolution
		{D9C8AF26-A00B-4E53-B487-B2700DAE3AB8}.Debug|Any CPU.ActiveCfg = Debug|Any CPU
		{D9C8AF26-A00B-4E53-B487-B2700DAE3AB8}.Debug|Any CPU.Build.0 = Debug|Any CPU
		{D9C8AF26-A00B-4E53-B487-B2700DAE3AB8}.Release|Any CPU.ActiveCfg = Release|Any CPU
		{D9C8AF26-A00B-4E53-B487-B2700DAE3AB8}.Release|Any CPU.Build.0 = Release|Any CPU
	EndGlobalSection
	GlobalSection(SolutionProperties) = preSolution
		HideSolutionNode = FALSE
	EndGlobalSection
	GlobalSection(ExtensibilityGlobals) = postSolution
		SolutionGuid = {CCA87CE7-86B8-48C2-BF2D-9193F603A09B}
	EndGlobalSection
EndGlobal
